// !$*UTF8*$!
{
	archiveVersion = 1;
	classes = {
	};
	objectVersion = 46;
	objects = {

/* Begin PBXBuildFile section */
		5937E8511FA555ED005BEA66 /* AddNoteViewController.swift in Sources */ = {isa = PBXBuildFile; fileRef = 5937E8501FA555ED005BEA66 /* AddNoteViewController.swift */; };
		5937E8531FA56D0B005BEA66 /* DecisionViewController.swift in Sources */ = {isa = PBXBuildFile; fileRef = 5937E8521FA56D0B005BEA66 /* DecisionViewController.swift */; };
		5937E8561FA64265005BEA66 /* paper-notes.png in Resources */ = {isa = PBXBuildFile; fileRef = 5937E8541FA64265005BEA66 /* paper-notes.png */; };
		5937E8571FA64265005BEA66 /* notes-png-image-87451.png in Resources */ = {isa = PBXBuildFile; fileRef = 5937E8551FA64265005BEA66 /* notes-png-image-87451.png */; };
		59B50B7C1F98192500702603 /* AppDelegate.swift in Sources */ = {isa = PBXBuildFile; fileRef = 59B50B7B1F98192500702603 /* AppDelegate.swift */; };
		59B50B7E1F98192500702603 /* ViewController.swift in Sources */ = {isa = PBXBuildFile; fileRef = 59B50B7D1F98192500702603 /* ViewController.swift */; };
		59B50B811F98192500702603 /* Main.storyboard in Resources */ = {isa = PBXBuildFile; fileRef = 59B50B7F1F98192500702603 /* Main.storyboard */; };
		59B50B831F98192500702603 /* Assets.xcassets in Resources */ = {isa = PBXBuildFile; fileRef = 59B50B821F98192500702603 /* Assets.xcassets */; };
		59B50B861F98192500702603 /* LaunchScreen.storyboard in Resources */ = {isa = PBXBuildFile; fileRef = 59B50B841F98192500702603 /* LaunchScreen.storyboard */; };
		59B50B911F98192500702603 /* NotePadTests.swift in Sources */ = {isa = PBXBuildFile; fileRef = 59B50B901F98192500702603 /* NotePadTests.swift */; };
		59B50B9C1F98192500702603 /* NotePadUITests.swift in Sources */ = {isa = PBXBuildFile; fileRef = 59B50B9B1F98192500702603 /* NotePadUITests.swift */; };
		59B50BAA1F9938E900702603 /* NotesCollectionController.swift in Sources */ = {isa = PBXBuildFile; fileRef = 59B50BA91F9938E900702603 /* NotesCollectionController.swift */; };
		59B50BAC1F993AFD00702603 /* NotesCollectionCell.swift in Sources */ = {isa = PBXBuildFile; fileRef = 59B50BAB1F993AFD00702603 /* NotesCollectionCell.swift */; };
		59B50BAE1F993EE000702603 /* Note.swift in Sources */ = {isa = PBXBuildFile; fileRef = 59B50BAD1F993EE000702603 /* Note.swift */; };
		59CEAA541F9A87650086A920 /* NoteViewController.swift in Sources */ = {isa = PBXBuildFile; fileRef = 59CEAA531F9A87650086A920 /* NoteViewController.swift */; };
		59F56CFE1FA28CD50046CEF2 /* divider.png in Resources */ = {isa = PBXBuildFile; fileRef = 59F56CFD1FA28CD50046CEF2 /* divider.png */; };
/* End PBXBuildFile section */

/* Begin PBXContainerItemProxy section */
		59B50B8D1F98192500702603 /* PBXContainerItemProxy */ = {
			isa = PBXContainerItemProxy;
			containerPortal = 59B50B701F98192500702603 /* Project object */;
			proxyType = 1;
			remoteGlobalIDString = 59B50B771F98192500702603;
			remoteInfo = NotePad;
		};
		59B50B981F98192500702603 /* PBXContainerItemProxy */ = {
			isa = PBXContainerItemProxy;
			containerPortal = 59B50B701F98192500702603 /* Project object */;
			proxyType = 1;
			remoteGlobalIDString = 59B50B771F98192500702603;
			remoteInfo = NotePad;
		};
/* End PBXContainerItemProxy section */

/* Begin PBXFileReference section */
		5937E8501FA555ED005BEA66 /* AddNoteViewController.swift */ = {isa = PBXFileReference; fileEncoding = 4; lastKnownFileType = sourcecode.swift; path = AddNoteViewController.swift; sourceTree = "<group>"; };
		5937E8521FA56D0B005BEA66 /* DecisionViewController.swift */ = {isa = PBXFileReference; fileEncoding = 4; lastKnownFileType = sourcecode.swift; path = DecisionViewController.swift; sourceTree = "<group>"; };
		5937E8541FA64265005BEA66 /* paper-notes.png */ = {isa = PBXFileReference; lastKnownFileType = image.png; path = "paper-notes.png"; sourceTree = "<group>"; };
		5937E8551FA64265005BEA66 /* notes-png-image-87451.png */ = {isa = PBXFileReference; lastKnownFileType = image.png; path = "notes-png-image-87451.png"; sourceTree = "<group>"; };
		59B50B781F98192500702603 /* NotePad.app */ = {isa = PBXFileReference; explicitFileType = wrapper.application; includeInIndex = 0; path = NotePad.app; sourceTree = BUILT_PRODUCTS_DIR; };
		59B50B7B1F98192500702603 /* AppDelegate.swift */ = {isa = PBXFileReference; lastKnownFileType = sourcecode.swift; path = AppDelegate.swift; sourceTree = "<group>"; };
		59B50B7D1F98192500702603 /* ViewController.swift */ = {isa = PBXFileReference; lastKnownFileType = sourcecode.swift; path = ViewController.swift; sourceTree = "<group>"; };
		59B50B801F98192500702603 /* Base */ = {isa = PBXFileReference; lastKnownFileType = file.storyboard; name = Base; path = Base.lproj/Main.storyboard; sourceTree = "<group>"; };
		59B50B821F98192500702603 /* Assets.xcassets */ = {isa = PBXFileReference; lastKnownFileType = folder.assetcatalog; path = Assets.xcassets; sourceTree = "<group>"; };
		59B50B851F98192500702603 /* Base */ = {isa = PBXFileReference; lastKnownFileType = file.storyboard; name = Base; path = Base.lproj/LaunchScreen.storyboard; sourceTree = "<group>"; };
		59B50B871F98192500702603 /* Info.plist */ = {isa = PBXFileReference; lastKnownFileType = text.plist.xml; path = Info.plist; sourceTree = "<group>"; };
		59B50B8C1F98192500702603 /* NotePadTests.xctest */ = {isa = PBXFileReference; explicitFileType = wrapper.cfbundle; includeInIndex = 0; path = NotePadTests.xctest; sourceTree = BUILT_PRODUCTS_DIR; };
		59B50B901F98192500702603 /* NotePadTests.swift */ = {isa = PBXFileReference; lastKnownFileType = sourcecode.swift; path = NotePadTests.swift; sourceTree = "<group>"; };
		59B50B921F98192500702603 /* Info.plist */ = {isa = PBXFileReference; lastKnownFileType = text.plist.xml; path = Info.plist; sourceTree = "<group>"; };
		59B50B971F98192500702603 /* NotePadUITests.xctest */ = {isa = PBXFileReference; explicitFileType = wrapper.cfbundle; includeInIndex = 0; path = NotePadUITests.xctest; sourceTree = BUILT_PRODUCTS_DIR; };
		59B50B9B1F98192500702603 /* NotePadUITests.swift */ = {isa = PBXFileReference; lastKnownFileType = sourcecode.swift; path = NotePadUITests.swift; sourceTree = "<group>"; };
		59B50B9D1F98192500702603 /* Info.plist */ = {isa = PBXFileReference; lastKnownFileType = text.plist.xml; path = Info.plist; sourceTree = "<group>"; };
		59B50BA91F9938E900702603 /* NotesCollectionController.swift */ = {isa = PBXFileReference; fileEncoding = 4; lastKnownFileType = sourcecode.swift; path = NotesCollectionController.swift; sourceTree = "<group>"; };
		59B50BAB1F993AFD00702603 /* NotesCollectionCell.swift */ = {isa = PBXFileReference; fileEncoding = 4; lastKnownFileType = sourcecode.swift; path = NotesCollectionCell.swift; sourceTree = "<group>"; };
		59B50BAD1F993EE000702603 /* Note.swift */ = {isa = PBXFileReference; fileEncoding = 4; lastKnownFileType = sourcecode.swift; path = Note.swift; sourceTree = "<group>"; };
		59CEAA531F9A87650086A920 /* NoteViewController.swift */ = {isa = PBXFileReference; fileEncoding = 4; lastKnownFileType = sourcecode.swift; path = NoteViewController.swift; sourceTree = "<group>"; };
		59F56CFD1FA28CD50046CEF2 /* divider.png */ = {isa = PBXFileReference; lastKnownFileType = image.png; path = divider.png; sourceTree = "<group>"; };
/* End PBXFileReference section */

/* Begin PBXFrameworksBuildPhase section */
		59B50B751F98192500702603 /* Frameworks */ = {
			isa = PBXFrameworksBuildPhase;
			buildActionMask = 2147483647;
			files = (
			);
			runOnlyForDeploymentPostprocessing = 0;
		};
		59B50B891F98192500702603 /* Frameworks */ = {
			isa = PBXFrameworksBuildPhase;
			buildActionMask = 2147483647;
			files = (
			);
			runOnlyForDeploymentPostprocessing = 0;
		};
		59B50B941F98192500702603 /* Frameworks */ = {
			isa = PBXFrameworksBuildPhase;
			buildActionMask = 2147483647;
			files = (
			);
			runOnlyForDeploymentPostprocessing = 0;
		};
/* End PBXFrameworksBuildPhase section */

/* Begin PBXGroup section */
		59B50B6F1F98192500702603 = {
			isa = PBXGroup;
			children = (
				59B50B7A1F98192500702603 /* NotePad */,
				59B50B8F1F98192500702603 /* NotePadTests */,
				59B50B9A1F98192500702603 /* NotePadUITests */,
				59B50B791F98192500702603 /* Products */,
			);
			sourceTree = "<group>";
		};
		59B50B791F98192500702603 /* Products */ = {
			isa = PBXGroup;
			children = (
				59B50B781F98192500702603 /* NotePad.app */,
				59B50B8C1F98192500702603 /* NotePadTests.xctest */,
				59B50B971F98192500702603 /* NotePadUITests.xctest */,
			);
			name = Products;
			sourceTree = "<group>";
		};
		59B50B7A1F98192500702603 /* NotePad */ = {
			isa = PBXGroup;
			children = (
				5937E8541FA64265005BEA66 /* paper-notes.png */,
				5937E8551FA64265005BEA66 /* notes-png-image-87451.png */,
				59F56CFD1FA28CD50046CEF2 /* divider.png */,
				59B50B7B1F98192500702603 /* AppDelegate.swift */,
				59B50B7D1F98192500702603 /* ViewController.swift */,
				59B50B7F1F98192500702603 /* Main.storyboard */,
				59B50B821F98192500702603 /* Assets.xcassets */,
				59B50B841F98192500702603 /* LaunchScreen.storyboard */,
				59B50B871F98192500702603 /* Info.plist */,
				59B50BA91F9938E900702603 /* NotesCollectionController.swift */,
				59B50BAB1F993AFD00702603 /* NotesCollectionCell.swift */,
				59B50BAD1F993EE000702603 /* Note.swift */,
				59CEAA531F9A87650086A920 /* NoteViewController.swift */,
				5937E8501FA555ED005BEA66 /* AddNoteViewController.swift */,
				5937E8521FA56D0B005BEA66 /* DecisionViewController.swift */,
			);
			path = NotePad;
			sourceTree = "<group>";
		};
		59B50B8F1F98192500702603 /* NotePadTests */ = {
			isa = PBXGroup;
			children = (
				59B50B901F98192500702603 /* NotePadTests.swift */,
				59B50B921F98192500702603 /* Info.plist */,
			);
			path = NotePadTests;
			sourceTree = "<group>";
		};
		59B50B9A1F98192500702603 /* NotePadUITests */ = {
			isa = PBXGroup;
			children = (
				59B50B9B1F98192500702603 /* NotePadUITests.swift */,
				59B50B9D1F98192500702603 /* Info.plist */,
			);
			path = NotePadUITests;
			sourceTree = "<group>";
		};
/* End PBXGroup section */

/* Begin PBXNativeTarget section */
		59B50B771F98192500702603 /* NotePad */ = {
			isa = PBXNativeTarget;
			buildConfigurationList = 59B50BA01F98192500702603 /* Build configuration list for PBXNativeTarget "NotePad" */;
			buildPhases = (
				59B50B741F98192500702603 /* Sources */,
				59B50B751F98192500702603 /* Frameworks */,
				59B50B761F98192500702603 /* Resources */,
			);
			buildRules = (
			);
			dependencies = (
			);
			name = NotePad;
			productName = NotePad;
			productReference = 59B50B781F98192500702603 /* NotePad.app */;
			productType = "com.apple.product-type.application";
		};
		59B50B8B1F98192500702603 /* NotePadTests */ = {
			isa = PBXNativeTarget;
			buildConfigurationList = 59B50BA31F98192500702603 /* Build configuration list for PBXNativeTarget "NotePadTests" */;
			buildPhases = (
				59B50B881F98192500702603 /* Sources */,
				59B50B891F98192500702603 /* Frameworks */,
				59B50B8A1F98192500702603 /* Resources */,
			);
			buildRules = (
			);
			dependencies = (
				59B50B8E1F98192500702603 /* PBXTargetDependency */,
			);
			name = NotePadTests;
			productName = NotePadTests;
			productReference = 59B50B8C1F98192500702603 /* NotePadTests.xctest */;
			productType = "com.apple.product-type.bundle.unit-test";
		};
		59B50B961F98192500702603 /* NotePadUITests */ = {
			isa = PBXNativeTarget;
			buildConfigurationList = 59B50BA61F98192500702603 /* Build configuration list for PBXNativeTarget "NotePadUITests" */;
			buildPhases = (
				59B50B931F98192500702603 /* Sources */,
				59B50B941F98192500702603 /* Frameworks */,
				59B50B951F98192500702603 /* Resources */,
			);
			buildRules = (
			);
			dependencies = (
				59B50B991F98192500702603 /* PBXTargetDependency */,
			);
			name = NotePadUITests;
			productName = NotePadUITests;
			productReference = 59B50B971F98192500702603 /* NotePadUITests.xctest */;
			productType = "com.apple.product-type.bundle.ui-testing";
		};
/* End PBXNativeTarget section */

/* Begin PBXProject section */
		59B50B701F98192500702603 /* Project object */ = {
			isa = PBXProject;
			attributes = {
				LastSwiftUpdateCheck = 0830;
				LastUpgradeCheck = 0830;
				ORGANIZATIONNAME = "Justin Artis";
				TargetAttributes = {
					59B50B771F98192500702603 = {
						CreatedOnToolsVersion = 8.3.2;
						ProvisioningStyle = Automatic;
					};
					59B50B8B1F98192500702603 = {
						CreatedOnToolsVersion = 8.3.2;
						ProvisioningStyle = Automatic;
						TestTargetID = 59B50B771F98192500702603;
					};
					59B50B961F98192500702603 = {
						CreatedOnToolsVersion = 8.3.2;
						ProvisioningStyle = Automatic;
						TestTargetID = 59B50B771F98192500702603;
					};
				};
			};
			buildConfigurationList = 59B50B731F98192500702603 /* Build configuration list for PBXProject "NotePad" */;
			compatibilityVersion = "Xcode 3.2";
			developmentRegion = English;
			hasScannedForEncodings = 0;
			knownRegions = (
				en,
				Base,
			);
			mainGroup = 59B50B6F1F98192500702603;
			productRefGroup = 59B50B791F98192500702603 /* Products */;
			projectDirPath = "";
			projectRoot = "";
			targets = (
				59B50B771F98192500702603 /* NotePad */,
				59B50B8B1F98192500702603 /* NotePadTests */,
				59B50B961F98192500702603 /* NotePadUITests */,
			);
		};
/* End PBXProject section */

/* Begin PBXResourcesBuildPhase section */
		59B50B761F98192500702603 /* Resources */ = {
			isa = PBXResourcesBuildPhase;
			buildActionMask = 2147483647;
			files = (
				59B50B861F98192500702603 /* LaunchScreen.storyboard in Resources */,
				5937E8571FA64265005BEA66 /* notes-png-image-87451.png in Resources */,
				59F56CFE1FA28CD50046CEF2 /* divider.png in Resources */,
				59B50B831F98192500702603 /* Assets.xcassets in Resources */,
				59B50B811F98192500702603 /* Main.storyboard in Resources */,
				5937E8561FA64265005BEA66 /* paper-notes.png in Resources */,
			);
			runOnlyForDeploymentPostprocessing = 0;
		};
		59B50B8A1F98192500702603 /* Resources */ = {
			isa = PBXResourcesBuildPhase;
			buildActionMask = 2147483647;
			files = (
			);
			runOnlyForDeploymentPostprocessing = 0;
		};
		59B50B951F98192500702603 /* Resources */ = {
			isa = PBXResourcesBuildPhase;
			buildActionMask = 2147483647;
			files = (
			);
			runOnlyForDeploymentPostprocessing = 0;
		};
/* End PBXResourcesBuildPhase section */

/* Begin PBXSourcesBuildPhase section */
		59B50B741F98192500702603 /* Sources */ = {
			isa = PBXSourcesBuildPhase;
			buildActionMask = 2147483647;
			files = (
				5937E8511FA555ED005BEA66 /* AddNoteViewController.swift in Sources */,
				59B50BAE1F993EE000702603 /* Note.swift in Sources */,
				59B50B7E1F98192500702603 /* ViewController.swift in Sources */,
				59B50BAC1F993AFD00702603 /* NotesCollectionCell.swift in Sources */,
				5937E8531FA56D0B005BEA66 /* DecisionViewController.swift in Sources */,
				59B50B7C1F98192500702603 /* AppDelegate.swift in Sources */,
				59CEAA541F9A87650086A920 /* NoteViewController.swift in Sources */,
				59B50BAA1F9938E900702603 /* NotesCollectionController.swift in Sources */,
			);
			runOnlyForDeploymentPostprocessing = 0;
		};
		59B50B881F98192500702603 /* Sources */ = {
			isa = PBXSourcesBuildPhase;
			buildActionMask = 2147483647;
			files = (
				59B50B911F98192500702603 /* NotePadTests.swift in Sources */,
			);
			runOnlyForDeploymentPostprocessing = 0;
		};
		59B50B931F98192500702603 /* Sources */ = {
			isa = PBXSourcesBuildPhase;
			buildActionMask = 2147483647;
			files = (
				59B50B9C1F98192500702603 /* NotePadUITests.swift in Sources */,
			);
			runOnlyForDeploymentPostprocessing = 0;
		};
/* End PBXSourcesBuildPhase section */

/* Begin PBXTargetDependency section */
		59B50B8E1F98192500702603 /* PBXTargetDependency */ = {
			isa = PBXTargetDependency;
			target = 59B50B771F98192500702603 /* NotePad */;
			targetProxy = 59B50B8D1F98192500702603 /* PBXContainerItemProxy */;
		};
		59B50B991F98192500702603 /* PBXTargetDependency */ = {
			isa = PBXTargetDependency;
			target = 59B50B771F98192500702603 /* NotePad */;
			targetProxy = 59B50B981F98192500702603 /* PBXContainerItemProxy */;
		};
/* End PBXTargetDependency section */

/* Begin PBXVariantGroup section */
		59B50B7F1F98192500702603 /* Main.storyboard */ = {
			isa = PBXVariantGroup;
			children = (
				59B50B801F98192500702603 /* Base */,
			);
			name = Main.storyboard;
			sourceTree = "<group>";
		};
		59B50B841F98192500702603 /* LaunchScreen.storyboard */ = {
			isa = PBXVariantGroup;
			children = (
				59B50B851F98192500702603 /* Base */,
			);
			name = LaunchScreen.storyboard;
			sourceTree = "<group>";
		};
/* End PBXVariantGroup section */

/* Begin XCBuildConfiguration section */
		59B50B9E1F98192500702603 /* Debug */ = {
			isa = XCBuildConfiguration;
			buildSettings = {
				ALWAYS_SEARCH_USER_PATHS = NO;
				CLANG_ANALYZER_NONNULL = YES;
				CLANG_ANALYZER_NUMBER_OBJECT_CONVERSION = YES_AGGRESSIVE;
				CLANG_CXX_LANGUAGE_STANDARD = "gnu++0x";
				CLANG_CXX_LIBRARY = "libc++";
				CLANG_ENABLE_MODULES = YES;
				CLANG_ENABLE_OBJC_ARC = YES;
				CLANG_WARN_BOOL_CONVERSION = YES;
				CLANG_WARN_CONSTANT_CONVERSION = YES;
				CLANG_WARN_DIRECT_OBJC_ISA_USAGE = YES_ERROR;
				CLANG_WARN_DOCUMENTATION_COMMENTS = YES;
				CLANG_WARN_EMPTY_BODY = YES;
				CLANG_WARN_ENUM_CONVERSION = YES;
				CLANG_WARN_INFINITE_RECURSION = YES;
				CLANG_WARN_INT_CONVERSION = YES;
				CLANG_WARN_OBJC_ROOT_CLASS = YES_ERROR;
				CLANG_WARN_SUSPICIOUS_MOVE = YES;
				CLANG_WARN_UNREACHABLE_CODE = YES;
				CLANG_WARN__DUPLICATE_METHOD_MATCH = YES;
				"CODE_SIGN_IDENTITY[sdk=iphoneos*]" = "iPhone Developer";
				COPY_PHASE_STRIP = NO;
				DEBUG_INFORMATION_FORMAT = dwarf;
				ENABLE_STRICT_OBJC_MSGSEND = YES;
				ENABLE_TESTABILITY = YES;
				GCC_C_LANGUAGE_STANDARD = gnu99;
				GCC_DYNAMIC_NO_PIC = NO;
				GCC_NO_COMMON_BLOCKS = YES;
				GCC_OPTIMIZATION_LEVEL = 0;
				GCC_PREPROCESSOR_DEFINITIONS = (
					"DEBUG=1",
					"$(inherited)",
				);
				GCC_WARN_64_TO_32_BIT_CONVERSION = YES;
				GCC_WARN_ABOUT_RETURN_TYPE = YES_ERROR;
				GCC_WARN_UNDECLARED_SELECTOR = YES;
				GCC_WARN_UNINITIALIZED_AUTOS = YES_AGGRESSIVE;
				GCC_WARN_UNUSED_FUNCTION = YES;
				GCC_WARN_UNUSED_VARIABLE = YES;
				IPHONEOS_DEPLOYMENT_TARGET = 10.3;
				MTL_ENABLE_DEBUG_INFO = YES;
				ONLY_ACTIVE_ARCH = YES;
				SDKROOT = iphoneos;
				SWIFT_ACTIVE_COMPILATION_CONDITIONS = DEBUG;
				SWIFT_OPTIMIZATION_LEVEL = "-Onone";
				TARGETED_DEVICE_FAMILY = "1,2";
			};
			name = Debug;
		};
		59B50B9F1F98192500702603 /* Release */ = {
			isa = XCBuildConfiguration;
			buildSettings = {
				ALWAYS_SEARCH_USER_PATHS = NO;
				CLANG_ANALYZER_NONNULL = YES;
				CLANG_ANALYZER_NUMBER_OBJECT_CONVERSION = YES_AGGRESSIVE;
				CLANG_CXX_LANGUAGE_STANDARD = "gnu++0x";
				CLANG_CXX_LIBRARY = "libc++";
				CLANG_ENABLE_MODULES = YES;
				CLANG_ENABLE_OBJC_ARC = YES;
				CLANG_WARN_BOOL_CONVERSION = YES;
				CLANG_WARN_CONSTANT_CONVERSION = YES;
				CLANG_WARN_DIRECT_OBJC_ISA_USAGE = YES_ERROR;
				CLANG_WARN_DOCUMENTATION_COMMENTS = YES;
				CLANG_WARN_EMPTY_BODY = YES;
				CLANG_WARN_ENUM_CONVERSION = YES;
				CLANG_WARN_INFINITE_RECURSION = YES;
				CLANG_WARN_INT_CONVERSION = YES;
				CLANG_WARN_OBJC_ROOT_CLASS = YES_ERROR;
				CLANG_WARN_SUSPICIOUS_MOVE = YES;
				CLANG_WARN_UNREACHABLE_CODE = YES;
				CLANG_WARN__DUPLICATE_METHOD_MATCH = YES;
				"CODE_SIGN_IDENTITY[sdk=iphoneos*]" = "iPhone Developer";
				COPY_PHASE_STRIP = NO;
				DEBUG_INFORMATION_FORMAT = "dwarf-with-dsym";
				ENABLE_NS_ASSERTIONS = NO;
				ENABLE_STRICT_OBJC_MSGSEND = YES;
				GCC_C_LANGUAGE_STANDARD = gnu99;
				GCC_NO_COMMON_BLOCKS = YES;
				GCC_WARN_64_TO_32_BIT_CONVERSION = YES;
				GCC_WARN_ABOUT_RETURN_TYPE = YES_ERROR;
				GCC_WARN_UNDECLARED_SELECTOR = YES;
				GCC_WARN_UNINITIALIZED_AUTOS = YES_AGGRESSIVE;
				GCC_WARN_UNUSED_FUNCTION = YES;
				GCC_WARN_UNUSED_VARIABLE = YES;
				IPHONEOS_DEPLOYMENT_TARGET = 10.3;
				MTL_ENABLE_DEBUG_INFO = NO;
				SDKROOT = iphoneos;
				SWIFT_OPTIMIZATION_LEVEL = "-Owholemodule";
				TARGETED_DEVICE_FAMILY = "1,2";
				VALIDATE_PRODUCT = YES;
			};
			name = Release;
		};
		59B50BA11F98192500702603 /* Debug */ = {
			isa = XCBuildConfiguration;
			buildSettings = {
				ASSETCATALOG_COMPILER_APPICON_NAME = AppIcon;
				INFOPLIST_FILE = NotePad/Info.plist;
				LD_RUNPATH_SEARCH_PATHS = "$(inherited) @executable_path/Frameworks";
				PRODUCT_BUNDLE_IDENTIFIER = artism.NotePad;
				PRODUCT_NAME = "$(TARGET_NAME)";
				SWIFT_VERSION = 3.0;
			};
			name = Debug;
		};
		59B50BA21F98192500702603 /* Release */ = {
			isa = XCBuildConfiguration;
			buildSettings = {
				ASSETCATALOG_COMPILER_APPICON_NAME = AppIcon;
				INFOPLIST_FILE = NotePad/Info.plist;
				LD_RUNPATH_SEARCH_PATHS = "$(inherited) @executable_path/Frameworks";
				PRODUCT_BUNDLE_IDENTIFIER = artism.NotePad;
				PRODUCT_NAME = "$(TARGET_NAME)";
				SWIFT_VERSION = 3.0;
			};
			name = Release;
		};
		59B50BA41F98192500702603 /* Debug */ = {
			isa = XCBuildConfiguration;
			buildSettings = {
				ALWAYS_EMBED_SWIFT_STANDARD_LIBRARIES = YES;
				BUNDLE_LOADER = "$(TEST_HOST)";
				INFOPLIST_FILE = NotePadTests/Info.plist;
				LD_RUNPATH_SEARCH_PATHS = "$(inherited) @executable_path/Frameworks @loader_path/Frameworks";
				PRODUCT_BUNDLE_IDENTIFIER = artism.NotePadTests;
				PRODUCT_NAME = "$(TARGET_NAME)";
				SWIFT_VERSION = 3.0;
				TEST_HOST = "$(BUILT_PRODUCTS_DIR)/NotePad.app/NotePad";
			};
			name = Debug;
		};
		59B50BA51F98192500702603 /* Release */ = {
			isa = XCBuildConfiguration;
			buildSettings = {
				ALWAYS_EMBED_SWIFT_STANDARD_LIBRARIES = YES;
				BUNDLE_LOADER = "$(TEST_HOST)";
				INFOPLIST_FILE = NotePadTests/Info.plist;
				LD_RUNPATH_SEARCH_PATHS = "$(inherited) @executable_path/Frameworks @loader_path/Frameworks";
				PRODUCT_BUNDLE_IDENTIFIER = artism.NotePadTests;
				PRODUCT_NAME = "$(TARGET_NAME)";
				SWIFT_VERSION = 3.0;
				TEST_HOST = "$(BUILT_PRODUCTS_DIR)/NotePad.app/NotePad";
			};
			name = Release;
		};
		59B50BA71F98192500702603 /* Debug */ = {
			isa = XCBuildConfiguration;
			buildSettings = {
				ALWAYS_EMBED_SWIFT_STANDARD_LIBRARIES = YES;
				INFOPLIST_FILE = NotePadUITests/Info.plist;
				LD_RUNPATH_SEARCH_PATHS = "$(inherited) @executable_path/Frameworks @loader_path/Frameworks";
				PRODUCT_BUNDLE_IDENTIFIER = artism.NotePadUITests;
				PRODUCT_NAME = "$(TARGET_NAME)";
				SWIFT_VERSION = 3.0;
				TEST_TARGET_NAME = NotePad;
			};
			name = Debug;
		};
		59B50BA81F98192500702603 /* Release */ = {
			isa = XCBuildConfiguration;
			buildSettings = {
				ALWAYS_EMBED_SWIFT_STANDARD_LIBRARIES = YES;
				INFOPLIST_FILE = NotePadUITests/Info.plist;
				LD_RUNPATH_SEARCH_PATHS = "$(inherited) @executable_path/Frameworks @loader_path/Frameworks";
				PRODUCT_BUNDLE_IDENTIFIER = artism.NotePadUITests;
				PRODUCT_NAME = "$(TARGET_NAME)";
				SWIFT_VERSION = 3.0;
				TEST_TARGET_NAME = NotePad;
			};
			name = Release;
		};
/* End XCBuildConfiguration section */

/* Begin XCConfigurationList section */
		59B50B731F98192500702603 /* Build configuration list for PBXProject "NotePad" */ = {
			isa = XCConfigurationList;
			buildConfigurations = (
				59B50B9E1F98192500702603 /* Debug */,
				59B50B9F1F98192500702603 /* Release */,
			);
			defaultConfigurationIsVisible = 0;
			defaultConfigurationName = Release;
		};
		59B50BA01F98192500702603 /* Build configuration list for PBXNativeTarget "NotePad" */ = {
			isa = XCConfigurationList;
			buildConfigurations = (
				59B50BA11F98192500702603 /* Debug */,
				59B50BA21F98192500702603 /* Release */,
			);
			defaultConfigurationIsVisible = 0;
			defaultConfigurationName = Release;
		};
		59B50BA31F98192500702603 /* Build configuration list for PBXNativeTarget "NotePadTests" */ = {
			isa = XCConfigurationList;
			buildConfigurations = (
				59B50BA41F98192500702603 /* Debug */,
				59B50BA51F98192500702603 /* Release */,
			);
			defaultConfigurationIsVisible = 0;
			defaultConfigurationName = Release;
		};
		59B50BA61F98192500702603 /* Build configuration list for PBXNativeTarget "NotePadUITests" */ = {
			isa = XCConfigurationList;
			buildConfigurations = (
				59B50BA71F98192500702603 /* Debug */,
				59B50BA81F98192500702603 /* Release */,
			);
			defaultConfigurationIsVisible = 0;
			defaultConfigurationName = Release;
		};
/* End XCConfigurationList section */
	};
	rootObject = 59B50B701F98192500702603 /* Project object */;
}
